
Microsoft Visual Studio Solution File, Format Version 11.00
# Visual Studio 2010
Project("{FAE04EC0-301F-11D3-BF4B-00C04F79EFBC}") = "ProjectManagerWeb", "ProjectManagerWeb\ProjectManagerWeb.csproj", "{FA08BF3F-5B22-4D78-A354-6AFA2931C073}"
EndProject
Project("{FAE04EC0-301F-11D3-BF4B-00C04F79EFBC}") = "ProjectManagerTest", "ProjectManagerTest\ProjectManagerTest.csproj", "{338A964C-E0A5-425B-9E67-3745A544F16D}"
EndProject
Project("{2150E333-8FDC-42A3-9474-1A3956D46DE8}") = "Solution Items", "Solution Items", "{9A201998-583F-4F89-9096-83BCBA96C63E}"
	ProjectSection(SolutionItems) = preProject
		Local.testsettings = Local.testsettings
		ProjectManager.vsmdi = ProjectManager.vsmdi
		TraceAndTestImpact.testsettings = TraceAndTestImpact.testsettings
	EndProjectSection
EndProject
Project("{FAE04EC0-301F-11D3-BF4B-00C04F79EFBC}") = "ProjectManagerLibrary", "ProjectManagerLibrary\ProjectManagerLibrary.csproj", "{F815AFCE-457A-47F7-BC11-7501A3C950F1}"
EndProject
Project("{FAE04EC0-301F-11D3-BF4B-00C04F79EFBC}") = "ProjectManagerBLL", "ProjectManagerBLL\ProjectManagerBLL.csproj", "{13988D49-5FA6-48FC-96F9-59ADDDC100C6}"
EndProject
Project("{FAE04EC0-301F-11D3-BF4B-00C04F79EFBC}") = "ProjectManagerDAL", "ProjectManagerDAL\ProjectManagerDAL.csproj", "{090F69C4-9D20-4C4B-BA31-2115208AECDF}"
EndProject
Global
	GlobalSection(TestCaseManagementSettings) = postSolution
		CategoryFile = ProjectManager.vsmdi
	EndGlobalSection
	GlobalSection(SolutionConfigurationPlatforms) = preSolution
		Debug|Any CPU = Debug|Any CPU
		Debug|Mixed Platforms = Debug|Mixed Platforms
		Debug|x86 = Debug|x86
		Release|Any CPU = Release|Any CPU
		Release|Mixed Platforms = Release|Mixed Platforms
		Release|x86 = Release|x86
	EndGlobalSection
	GlobalSection(ProjectConfigurationPlatforms) = postSolution
		{FA08BF3F-5B22-4D78-A354-6AFA2931C073}.Debug|Any CPU.ActiveCfg = Debug|Any CPU
		{FA08BF3F-5B22-4D78-A354-6AFA2931C073}.Debug|Any CPU.Build.0 = Debug|Any CPU
		{FA08BF3F-5B22-4D78-A354-6AFA2931C073}.Debug|Mixed Platforms.ActiveCfg = Debug|Any CPU
		{FA08BF3F-5B22-4D78-A354-6AFA2931C073}.Debug|Mixed Platforms.Build.0 = Debug|Any CPU
		{FA08BF3F-5B22-4D78-A354-6AFA2931C073}.Debug|x86.ActiveCfg = Debug|Any CPU
		{FA08BF3F-5B22-4D78-A354-6AFA2931C073}.Release|Any CPU.ActiveCfg = Release|Any CPU
		{FA08BF3F-5B22-4D78-A354-6AFA2931C073}.Release|Any CPU.Build.0 = Release|Any CPU
		{FA08BF3F-5B22-4D78-A354-6AFA2931C073}.Release|Mixed Platforms.ActiveCfg = Release|Any CPU
		{FA08BF3F-5B22-4D78-A354-6AFA2931C073}.Release|Mixed Platforms.Build.0 = Release|Any CPU
		{FA08BF3F-5B22-4D78-A354-6AFA2931C073}.Release|x86.ActiveCfg = Release|Any CPU
		{338A964C-E0A5-425B-9E67-3745A544F16D}.Debug|Any CPU.ActiveCfg = Debug|Any CPU
		{338A964C-E0A5-425B-9E67-3745A544F16D}.Debug|Any CPU.Build.0 = Debug|Any CPU
		{338A964C-E0A5-425B-9E67-3745A544F16D}.Debug|Mixed Platforms.ActiveCfg = Debug|Any CPU
		{338A964C-E0A5-425B-9E67-3745A544F16D}.Debug|Mixed Platforms.Build.0 = Debug|Any CPU
		{338A964C-E0A5-425B-9E67-3745A544F16D}.Debug|x86.ActiveCfg = Debug|Any CPU
		{338A964C-E0A5-425B-9E67-3745A544F16D}.Release|Any CPU.ActiveCfg = Release|Any CPU
		{338A964C-E0A5-425B-9E67-3745A544F16D}.Release|Any CPU.Build.0 = Release|Any CPU
		{338A964C-E0A5-425B-9E67-3745A544F16D}.Release|Mixed Platforms.ActiveCfg = Release|Any CPU
		{338A964C-E0A5-425B-9E67-3745A544F16D}.Release|Mixed Platforms.Build.0 = Release|Any CPU
		{338A964C-E0A5-425B-9E67-3745A544F16D}.Release|x86.ActiveCfg = Release|Any CPU
		{F815AFCE-457A-47F7-BC11-7501A3C950F1}.Debug|Any CPU.ActiveCfg = Debug|Any CPU
		{F815AFCE-457A-47F7-BC11-7501A3C950F1}.Debug|Any CPU.Build.0 = Debug|Any CPU
		{F815AFCE-457A-47F7-BC11-7501A3C950F1}.Debug|Mixed Platforms.ActiveCfg = Debug|Any CPU
		{F815AFCE-457A-47F7-BC11-7501A3C950F1}.Debug|Mixed Platforms.Build.0 = Debug|Any CPU
		{F815AFCE-457A-47F7-BC11-7501A3C950F1}.Debug|x86.ActiveCfg = Debug|Any CPU
		{F815AFCE-457A-47F7-BC11-7501A3C950F1}.Release|Any CPU.ActiveCfg = Release|Any CPU
		{F815AFCE-457A-47F7-BC11-7501A3C950F1}.Release|Any CPU.Build.0 = Release|Any CPU
		{F815AFCE-457A-47F7-BC11-7501A3C950F1}.Release|Mixed Platforms.ActiveCfg = Release|Any CPU
		{F815AFCE-457A-47F7-BC11-7501A3C950F1}.Release|Mixed Platforms.Build.0 = Release|Any CPU
		{F815AFCE-457A-47F7-BC11-7501A3C950F1}.Release|x86.ActiveCfg = Release|Any CPU
		{13988D49-5FA6-48FC-96F9-59ADDDC100C6}.Debug|Any CPU.ActiveCfg = Debug|Any CPU
		{13988D49-5FA6-48FC-96F9-59ADDDC100C6}.Debug|Any CPU.Build.0 = Debug|Any CPU
		{13988D49-5FA6-48FC-96F9-59ADDDC100C6}.Debug|Mixed Platforms.ActiveCfg = Debug|Any CPU
		{13988D49-5FA6-48FC-96F9-59ADDDC100C6}.Debug|Mixed Platforms.Build.0 = Debug|Any CPU
		{13988D49-5FA6-48FC-96F9-59ADDDC100C6}.Debug|x86.ActiveCfg = Debug|Any CPU
		{13988D49-5FA6-48FC-96F9-59ADDDC100C6}.Release|Any CPU.ActiveCfg = Release|Any CPU
		{13988D49-5FA6-48FC-96F9-59ADDDC100C6}.Release|Any CPU.Build.0 = Release|Any CPU
		{13988D49-5FA6-48FC-96F9-59ADDDC100C6}.Release|Mixed Platforms.ActiveCfg = Release|Any CPU
		{13988D49-5FA6-48FC-96F9-59ADDDC100C6}.Release|Mixed Platforms.Build.0 = Release|Any CPU
		{13988D49-5FA6-48FC-96F9-59ADDDC100C6}.Release|x86.ActiveCfg = Release|Any CPU
		{090F69C4-9D20-4C4B-BA31-2115208AECDF}.Debug|Any CPU.ActiveCfg = Debug|Any CPU
		{090F69C4-9D20-4C4B-BA31-2115208AECDF}.Debug|Any CPU.Build.0 = Debug|Any CPU
		{090F69C4-9D20-4C4B-BA31-2115208AECDF}.Debug|Mixed Platforms.ActiveCfg = Debug|Any CPU
		{090F69C4-9D20-4C4B-BA31-2115208AECDF}.Debug|Mixed Platforms.Build.0 = Debug|Any CPU
		{090F69C4-9D20-4C4B-BA31-2115208AECDF}.Debug|x86.ActiveCfg = Debug|Any CPU
		{090F69C4-9D20-4C4B-BA31-2115208AECDF}.Release|Any CPU.ActiveCfg = Release|Any CPU
		{090F69C4-9D20-4C4B-BA31-2115208AECDF}.Release|Any CPU.Build.0 = Release|Any CPU
		{090F69C4-9D20-4C4B-BA31-2115208AECDF}.Release|Mixed Platforms.ActiveCfg = Release|Any CPU
		{090F69C4-9D20-4C4B-BA31-2115208AECDF}.Release|Mixed Platforms.Build.0 = Release|Any CPU
		{090F69C4-9D20-4C4B-BA31-2115208AECDF}.Release|x86.ActiveCfg = Release|Any CPU
	EndGlobalSection
	GlobalSection(SolutionProperties) = preSolution
		HideSolutionNode = FALSE
	EndGlobalSection
EndGlobal
